// !$*UTF8*$!
{
	archiveVersion = 1;
	classes = {
	};
	objectVersion = 56;
	objects = {

/* Begin PBXBuildFile section */
		8CE73C3429C7080D00C548A9 /* AudioRecorder.swift in Sources */ = {isa = PBXBuildFile; fileRef = 8CE73C3329C7080D00C548A9 /* AudioRecorder.swift */; };
		8CE73C3629C8671100C548A9 /* WhisperAPIManager.swift in Sources */ = {isa = PBXBuildFile; fileRef = 8CE73C3529C8671100C548A9 /* WhisperAPIManager.swift */; };
		8CE73C3829C8684C00C548A9 /* Secrets.swift in Sources */ = {isa = PBXBuildFile; fileRef = 8CE73C3729C8684C00C548A9 /* Secrets.swift */; };
		8CEAD21729C6DF3A00FA6B2C /* AIBuddyApp.swift in Sources */ = {isa = PBXBuildFile; fileRef = 8CEAD21629C6DF3A00FA6B2C /* AIBuddyApp.swift */; };
		8CEAD21929C6DF3A00FA6B2C /* ContentView.swift in Sources */ = {isa = PBXBuildFile; fileRef = 8CEAD21829C6DF3A00FA6B2C /* ContentView.swift */; };
		8CEAD21B29C6DF3A00FA6B2C /* Assets.xcassets in Resources */ = {isa = PBXBuildFile; fileRef = 8CEAD21A29C6DF3A00FA6B2C /* Assets.xcassets */; };
		8CEAD21E29C6DF3A00FA6B2C /* Preview Assets.xcassets in Resources */ = {isa = PBXBuildFile; fileRef = 8CEAD21D29C6DF3A00FA6B2C /* Preview Assets.xcassets */; };
		8CEAD22829C6DF3A00FA6B2C /* AIBuddyTests.swift in Sources */ = {isa = PBXBuildFile; fileRef = 8CEAD22729C6DF3A00FA6B2C /* AIBuddyTests.swift */; };
		8CEAD23229C6DF3A00FA6B2C /* AIBuddyUITests.swift in Sources */ = {isa = PBXBuildFile; fileRef = 8CEAD23129C6DF3A00FA6B2C /* AIBuddyUITests.swift */; };
		8CEAD23429C6DF3A00FA6B2C /* AIBuddyUITestsLaunchTests.swift in Sources */ = {isa = PBXBuildFile; fileRef = 8CEAD23329C6DF3A00FA6B2C /* AIBuddyUITestsLaunchTests.swift */; };
/* End PBXBuildFile section */

/* Begin PBXContainerItemProxy section */
		8CEAD22429C6DF3A00FA6B2C /* PBXContainerItemProxy */ = {
			isa = PBXContainerItemProxy;
			containerPortal = 8CEAD20B29C6DF3A00FA6B2C /* Project object */;
			proxyType = 1;
			remoteGlobalIDString = 8CEAD21229C6DF3A00FA6B2C;
			remoteInfo = AIBuddy;
		};
		8CEAD22E29C6DF3A00FA6B2C /* PBXContainerItemProxy */ = {
			isa = PBXContainerItemProxy;
			containerPortal = 8CEAD20B29C6DF3A00FA6B2C /* Project object */;
			proxyType = 1;
			remoteGlobalIDString = 8CEAD21229C6DF3A00FA6B2C;
			remoteInfo = AIBuddy;
		};
/* End PBXContainerItemProxy section */

/* Begin PBXFileReference section */
		8CE73C3229C6F85000C548A9 /* Info.plist */ = {isa = PBXFileReference; lastKnownFileType = text.plist; path = Info.plist; sourceTree = "<group>"; };
		8CE73C3329C7080D00C548A9 /* AudioRecorder.swift */ = {isa = PBXFileReference; lastKnownFileType = sourcecode.swift; path = AudioRecorder.swift; sourceTree = "<group>"; };
		8CE73C3529C8671100C548A9 /* WhisperAPIManager.swift */ = {isa = PBXFileReference; lastKnownFileType = sourcecode.swift; path = WhisperAPIManager.swift; sourceTree = "<group>"; };
		8CE73C3729C8684C00C548A9 /* Secrets.swift */ = {isa = PBXFileReference; lastKnownFileType = sourcecode.swift; path = Secrets.swift; sourceTree = "<group>"; };
		8CEAD21329C6DF3A00FA6B2C /* AIBuddy.app */ = {isa = PBXFileReference; explicitFileType = wrapper.application; includeInIndex = 0; path = AIBuddy.app; sourceTree = BUILT_PRODUCTS_DIR; };
		8CEAD21629C6DF3A00FA6B2C /* AIBuddyApp.swift */ = {isa = PBXFileReference; lastKnownFileType = sourcecode.swift; path = AIBuddyApp.swift; sourceTree = "<group>"; };
		8CEAD21829C6DF3A00FA6B2C /* ContentView.swift */ = {isa = PBXFileReference; lastKnownFileType = sourcecode.swift; path = ContentView.swift; sourceTree = "<group>"; };
		8CEAD21A29C6DF3A00FA6B2C /* Assets.xcassets */ = {isa = PBXFileReference; lastKnownFileType = folder.assetcatalog; path = Assets.xcassets; sourceTree = "<group>"; };
		8CEAD21D29C6DF3A00FA6B2C /* Preview Assets.xcassets */ = {isa = PBXFileReference; lastKnownFileType = folder.assetcatalog; path = "Preview Assets.xcassets"; sourceTree = "<group>"; };
		8CEAD22329C6DF3A00FA6B2C /* AIBuddyTests.xctest */ = {isa = PBXFileReference; explicitFileType = wrapper.cfbundle; includeInIndex = 0; path = AIBuddyTests.xctest; sourceTree = BUILT_PRODUCTS_DIR; };
		8CEAD22729C6DF3A00FA6B2C /* AIBuddyTests.swift */ = {isa = PBXFileReference; lastKnownFileType = sourcecode.swift; path = AIBuddyTests.swift; sourceTree = "<group>"; };
		8CEAD22D29C6DF3A00FA6B2C /* AIBuddyUITests.xctest */ = {isa = PBXFileReference; explicitFileType = wrapper.cfbundle; includeInIndex = 0; path = AIBuddyUITests.xctest; sourceTree = BUILT_PRODUCTS_DIR; };
		8CEAD23129C6DF3A00FA6B2C /* AIBuddyUITests.swift */ = {isa = PBXFileReference; lastKnownFileType = sourcecode.swift; path = AIBuddyUITests.swift; sourceTree = "<group>"; };
		8CEAD23329C6DF3A00FA6B2C /* AIBuddyUITestsLaunchTests.swift */ = {isa = PBXFileReference; lastKnownFileType = sourcecode.swift; path = AIBuddyUITestsLaunchTests.swift; sourceTree = "<group>"; };
/* End PBXFileReference section */

/* Begin PBXFrameworksBuildPhase section */
		8CEAD21029C6DF3A00FA6B2C /* Frameworks */ = {
			isa = PBXFrameworksBuildPhase;
			buildActionMask = 2147483647;
			files = (
			);
			runOnlyForDeploymentPostprocessing = 0;
		};
		8CEAD22029C6DF3A00FA6B2C /* Frameworks */ = {
			isa = PBXFrameworksBuildPhase;
			buildActionMask = 2147483647;
			files = (
			);
			runOnlyForDeploymentPostprocessing = 0;
		};
		8CEAD22A29C6DF3A00FA6B2C /* Frameworks */ = {
			isa = PBXFrameworksBuildPhase;
			buildActionMask = 2147483647;
			files = (
			);
			runOnlyForDeploymentPostprocessing = 0;
		};
/* End PBXFrameworksBuildPhase section */

/* Begin PBXGroup section */
		8CEAD20A29C6DF3A00FA6B2C = {
			isa = PBXGroup;
			children = (
				8CEAD21529C6DF3A00FA6B2C /* AIBuddy */,
				8CEAD22629C6DF3A00FA6B2C /* AIBuddyTests */,
				8CEAD23029C6DF3A00FA6B2C /* AIBuddyUITests */,
				8CEAD21429C6DF3A00FA6B2C /* Products */,
			);
			sourceTree = "<group>";
		};
		8CEAD21429C6DF3A00FA6B2C /* Products */ = {
			isa = PBXGroup;
			children = (
				8CEAD21329C6DF3A00FA6B2C /* AIBuddy.app */,
				8CEAD22329C6DF3A00FA6B2C /* AIBuddyTests.xctest */,
				8CEAD22D29C6DF3A00FA6B2C /* AIBuddyUITests.xctest */,
			);
			name = Products;
			sourceTree = "<group>";
		};
		8CEAD21529C6DF3A00FA6B2C /* AIBuddy */ = {
			isa = PBXGroup;
			children = (
				8CE73C3229C6F85000C548A9 /* Info.plist */,
				8CEAD21629C6DF3A00FA6B2C /* AIBuddyApp.swift */,
				8CEAD21829C6DF3A00FA6B2C /* ContentView.swift */,
				8CEAD21A29C6DF3A00FA6B2C /* Assets.xcassets */,
				8CE73C3329C7080D00C548A9 /* AudioRecorder.swift */,
				8CEAD21C29C6DF3A00FA6B2C /* Preview Content */,
				8CE73C3529C8671100C548A9 /* WhisperAPIManager.swift */,
				8CE73C3729C8684C00C548A9 /* Secrets.swift */,
			);
			path = AIBuddy;
			sourceTree = "<group>";
		};
		8CEAD21C29C6DF3A00FA6B2C /* Preview Content */ = {
			isa = PBXGroup;
			children = (
				8CEAD21D29C6DF3A00FA6B2C /* Preview Assets.xcassets */,
			);
			path = "Preview Content";
			sourceTree = "<group>";
		};
		8CEAD22629C6DF3A00FA6B2C /* AIBuddyTests */ = {
			isa = PBXGroup;
			children = (
				8CEAD22729C6DF3A00FA6B2C /* AIBuddyTests.swift */,
			);
			path = AIBuddyTests;
			sourceTree = "<group>";
		};
		8CEAD23029C6DF3A00FA6B2C /* AIBuddyUITests */ = {
			isa = PBXGroup;
			children = (
				8CEAD23129C6DF3A00FA6B2C /* AIBuddyUITests.swift */,
				8CEAD23329C6DF3A00FA6B2C /* AIBuddyUITestsLaunchTests.swift */,
			);
			path = AIBuddyUITests;
			sourceTree = "<group>";
		};
/* End PBXGroup section */

/* Begin PBXNativeTarget section */
		8CEAD21229C6DF3A00FA6B2C /* AIBuddy */ = {
			isa = PBXNativeTarget;
			buildConfigurationList = 8CEAD23729C6DF3A00FA6B2C /* Build configuration list for PBXNativeTarget "AIBuddy" */;
			buildPhases = (
				8CEAD20F29C6DF3A00FA6B2C /* Sources */,
				8CEAD21029C6DF3A00FA6B2C /* Frameworks */,
				8CEAD21129C6DF3A00FA6B2C /* Resources */,
			);
			buildRules = (
			);
			dependencies = (
			);
			name = AIBuddy;
			productName = AIBuddy;
			productReference = 8CEAD21329C6DF3A00FA6B2C /* AIBuddy.app */;
			productType = "com.apple.product-type.application";
		};
		8CEAD22229C6DF3A00FA6B2C /* AIBuddyTests */ = {
			isa = PBXNativeTarget;
			buildConfigurationList = 8CEAD23A29C6DF3A00FA6B2C /* Build configuration list for PBXNativeTarget "AIBuddyTests" */;
			buildPhases = (
				8CEAD21F29C6DF3A00FA6B2C /* Sources */,
				8CEAD22029C6DF3A00FA6B2C /* Frameworks */,
				8CEAD22129C6DF3A00FA6B2C /* Resources */,
			);
			buildRules = (
			);
			dependencies = (
				8CEAD22529C6DF3A00FA6B2C /* PBXTargetDependency */,
			);
			name = AIBuddyTests;
			productName = AIBuddyTests;
			productReference = 8CEAD22329C6DF3A00FA6B2C /* AIBuddyTests.xctest */;
			productType = "com.apple.product-type.bundle.unit-test";
		};
		8CEAD22C29C6DF3A00FA6B2C /* AIBuddyUITests */ = {
			isa = PBXNativeTarget;
			buildConfigurationList = 8CEAD23D29C6DF3A00FA6B2C /* Build configuration list for PBXNativeTarget "AIBuddyUITests" */;
			buildPhases = (
				8CEAD22929C6DF3A00FA6B2C /* Sources */,
				8CEAD22A29C6DF3A00FA6B2C /* Frameworks */,
				8CEAD22B29C6DF3A00FA6B2C /* Resources */,
			);
			buildRules = (
			);
			dependencies = (
				8CEAD22F29C6DF3A00FA6B2C /* PBXTargetDependency */,
			);
			name = AIBuddyUITests;
			productName = AIBuddyUITests;
			productReference = 8CEAD22D29C6DF3A00FA6B2C /* AIBuddyUITests.xctest */;
			productType = "com.apple.product-type.bundle.ui-testing";
		};
/* End PBXNativeTarget section */

/* Begin PBXProject section */
		8CEAD20B29C6DF3A00FA6B2C /* Project object */ = {
			isa = PBXProject;
			attributes = {
				BuildIndependentTargetsInParallel = 1;
				LastSwiftUpdateCheck = 1420;
				LastUpgradeCheck = 1420;
				TargetAttributes = {
					8CEAD21229C6DF3A00FA6B2C = {
						CreatedOnToolsVersion = 14.2;
					};
					8CEAD22229C6DF3A00FA6B2C = {
						CreatedOnToolsVersion = 14.2;
						TestTargetID = 8CEAD21229C6DF3A00FA6B2C;
					};
					8CEAD22C29C6DF3A00FA6B2C = {
						CreatedOnToolsVersion = 14.2;
						TestTargetID = 8CEAD21229C6DF3A00FA6B2C;
					};
				};
			};
			buildConfigurationList = 8CEAD20E29C6DF3A00FA6B2C /* Build configuration list for PBXProject "AIBuddy" */;
			compatibilityVersion = "Xcode 14.0";
			developmentRegion = en;
			hasScannedForEncodings = 0;
			knownRegions = (
				en,
				Base,
			);
			mainGroup = 8CEAD20A29C6DF3A00FA6B2C;
			productRefGroup = 8CEAD21429C6DF3A00FA6B2C /* Products */;
			projectDirPath = "";
			projectRoot = "";
			targets = (
				8CEAD21229C6DF3A00FA6B2C /* AIBuddy */,
				8CEAD22229C6DF3A00FA6B2C /* AIBuddyTests */,
				8CEAD22C29C6DF3A00FA6B2C /* AIBuddyUITests */,
			);
		};
/* End PBXProject section */

/* Begin PBXResourcesBuildPhase section */
		8CEAD21129C6DF3A00FA6B2C /* Resources */ = {
			isa = PBXResourcesBuildPhase;
			buildActionMask = 2147483647;
			files = (
				8CEAD21E29C6DF3A00FA6B2C /* Preview Assets.xcassets in Resources */,
				8CEAD21B29C6DF3A00FA6B2C /* Assets.xcassets in Resources */,
			);
			runOnlyForDeploymentPostprocessing = 0;
		};
		8CEAD22129C6DF3A00FA6B2C /* Resources */ = {
			isa = PBXResourcesBuildPhase;
			buildActionMask = 2147483647;
			files = (
			);
			runOnlyForDeploymentPostprocessing = 0;
		};
		8CEAD22B29C6DF3A00FA6B2C /* Resources */ = {
			isa = PBXResourcesBuildPhase;
			buildActionMask = 2147483647;
			files = (
			);
			runOnlyForDeploymentPostprocessing = 0;
		};
/* End PBXResourcesBuildPhase section */

/* Begin PBXSourcesBuildPhase section */
		8CEAD20F29C6DF3A00FA6B2C /* Sources */ = {
			isa = PBXSourcesBuildPhase;
			buildActionMask = 2147483647;
			files = (
				8CE73C3429C7080D00C548A9 /* AudioRecorder.swift in Sources */,
				8CE73C3829C8684C00C548A9 /* Secrets.swift in Sources */,
				8CE73C3629C8671100C548A9 /* WhisperAPIManager.swift in Sources */,
				8CEAD21929C6DF3A00FA6B2C /* ContentView.swift in Sources */,
				8CEAD21729C6DF3A00FA6B2C /* AIBuddyApp.swift in Sources */,
			);
			runOnlyForDeploymentPostprocessing = 0;
		};
		8CEAD21F29C6DF3A00FA6B2C /* Sources */ = {
			isa = PBXSourcesBuildPhase;
			buildActionMask = 2147483647;
			files = (
				8CEAD22829C6DF3A00FA6B2C /* AIBuddyTests.swift in Sources */,
			);
			runOnlyForDeploymentPostprocessing = 0;
		};
		8CEAD22929C6DF3A00FA6B2C /* Sources */ = {
			isa = PBXSourcesBuildPhase;
			buildActionMask = 2147483647;
			files = (
				8CEAD23229C6DF3A00FA6B2C /* AIBuddyUITests.swift in Sources */,
				8CEAD23429C6DF3A00FA6B2C /* AIBuddyUITestsLaunchTests.swift in Sources */,
			);
			runOnlyForDeploymentPostprocessing = 0;
		};
/* End PBXSourcesBuildPhase section */

/* Begin PBXTargetDependency section */
		8CEAD22529C6DF3A00FA6B2C /* PBXTargetDependency */ = {
			isa = PBXTargetDependency;
			target = 8CEAD21229C6DF3A00FA6B2C /* AIBuddy */;
			targetProxy = 8CEAD22429C6DF3A00FA6B2C /* PBXContainerItemProxy */;
		};
		8CEAD22F29C6DF3A00FA6B2C /* PBXTargetDependency */ = {
			isa = PBXTargetDependency;
			target = 8CEAD21229C6DF3A00FA6B2C /* AIBuddy */;
			targetProxy = 8CEAD22E29C6DF3A00FA6B2C /* PBXContainerItemProxy */;
		};
/* End PBXTargetDependency section */

/* Begin XCBuildConfiguration section */
		8CEAD23529C6DF3A00FA6B2C /* Debug */ = {
			isa = XCBuildConfiguration;
			buildSettings = {
				ALWAYS_SEARCH_USER_PATHS = NO;
				CLANG_ANALYZER_NONNULL = YES;
				CLANG_ANALYZER_NUMBER_OBJECT_CONVERSION = YES_AGGRESSIVE;
				CLANG_CXX_LANGUAGE_STANDARD = "gnu++20";
				CLANG_ENABLE_MODULES = YES;
				CLANG_ENABLE_OBJC_ARC = YES;
				CLANG_ENABLE_OBJC_WEAK = YES;
				CLANG_WARN_BLOCK_CAPTURE_AUTORELEASING = YES;
				CLANG_WARN_BOOL_CONVERSION = YES;
				CLANG_WARN_COMMA = YES;
				CLANG_WARN_CONSTANT_CONVERSION = YES;
				CLANG_WARN_DEPRECATED_OBJC_IMPLEMENTATIONS = YES;
				CLANG_WARN_DIRECT_OBJC_ISA_USAGE = YES_ERROR;
				CLANG_WARN_DOCUMENTATION_COMMENTS = YES;
				CLANG_WARN_EMPTY_BODY = YES;
				CLANG_WARN_ENUM_CONVERSION = YES;
				CLANG_WARN_INFINITE_RECURSION = YES;
				CLANG_WARN_INT_CONVERSION = YES;
				CLANG_WARN_NON_LITERAL_NULL_CONVERSION = YES;
				CLANG_WARN_OBJC_IMPLICIT_RETAIN_SELF = YES;
				CLANG_WARN_OBJC_LITERAL_CONVERSION = YES;
				CLANG_WARN_OBJC_ROOT_CLASS = YES_ERROR;
				CLANG_WARN_QUOTED_INCLUDE_IN_FRAMEWORK_HEADER = YES;
				CLANG_WARN_RANGE_LOOP_ANALYSIS = YES;
				CLANG_WARN_STRICT_PROTOTYPES = YES;
				CLANG_WARN_SUSPICIOUS_MOVE = YES;
				CLANG_WARN_UNGUARDED_AVAILABILITY = YES_AGGRESSIVE;
				CLANG_WARN_UNREACHABLE_CODE = YES;
				CLANG_WARN__DUPLICATE_METHOD_MATCH = YES;
				COPY_PHASE_STRIP = NO;
				DEBUG_INFORMATION_FORMAT = dwarf;
				ENABLE_STRICT_OBJC_MSGSEND = YES;
				ENABLE_TESTABILITY = YES;
				GCC_C_LANGUAGE_STANDARD = gnu11;
				GCC_DYNAMIC_NO_PIC = NO;
				GCC_NO_COMMON_BLOCKS = YES;
				GCC_OPTIMIZATION_LEVEL = 0;
				GCC_PREPROCESSOR_DEFINITIONS = (
					"DEBUG=1",
					"$(inherited)",
				);
				GCC_WARN_64_TO_32_BIT_CONVERSION = YES;
				GCC_WARN_ABOUT_RETURN_TYPE = YES_ERROR;
				GCC_WARN_UNDECLARED_SELECTOR = YES;
				GCC_WARN_UNINITIALIZED_AUTOS = YES_AGGRESSIVE;
				GCC_WARN_UNUSED_FUNCTION = YES;
				GCC_WARN_UNUSED_VARIABLE = YES;
				IPHONEOS_DEPLOYMENT_TARGET = 16.2;
				MTL_ENABLE_DEBUG_INFO = INCLUDE_SOURCE;
				MTL_FAST_MATH = YES;
				ONLY_ACTIVE_ARCH = YES;
				SDKROOT = iphoneos;
				SWIFT_ACTIVE_COMPILATION_CONDITIONS = DEBUG;
				SWIFT_OPTIMIZATION_LEVEL = "-Onone";
			};
			name = Debug;
		};
		8CEAD23629C6DF3A00FA6B2C /* Release */ = {
			isa = XCBuildConfiguration;
			buildSettings = {
				ALWAYS_SEARCH_USER_PATHS = NO;
				CLANG_ANALYZER_NONNULL = YES;
				CLANG_ANALYZER_NUMBER_OBJECT_CONVERSION = YES_AGGRESSIVE;
				CLANG_CXX_LANGUAGE_STANDARD = "gnu++20";
				CLANG_ENABLE_MODULES = YES;
				CLANG_ENABLE_OBJC_ARC = YES;
				CLANG_ENABLE_OBJC_WEAK = YES;
				CLANG_WARN_BLOCK_CAPTURE_AUTORELEASING = YES;
				CLANG_WARN_BOOL_CONVERSION = YES;
				CLANG_WARN_COMMA = YES;
				CLANG_WARN_CONSTANT_CONVERSION = YES;
				CLANG_WARN_DEPRECATED_OBJC_IMPLEMENTATIONS = YES;
				CLANG_WARN_DIRECT_OBJC_ISA_USAGE = YES_ERROR;
				CLANG_WARN_DOCUMENTATION_COMMENTS = YES;
				CLANG_WARN_EMPTY_BODY = YES;
				CLANG_WARN_ENUM_CONVERSION = YES;
				CLANG_WARN_INFINITE_RECURSION = YES;
				CLANG_WARN_INT_CONVERSION = YES;
				CLANG_WARN_NON_LITERAL_NULL_CONVERSION = YES;
				CLANG_WARN_OBJC_IMPLICIT_RETAIN_SELF = YES;
				CLANG_WARN_OBJC_LITERAL_CONVERSION = YES;
				CLANG_WARN_OBJC_ROOT_CLASS = YES_ERROR;
				CLANG_WARN_QUOTED_INCLUDE_IN_FRAMEWORK_HEADER = YES;
				CLANG_WARN_RANGE_LOOP_ANALYSIS = YES;
				CLANG_WARN_STRICT_PROTOTYPES = YES;
				CLANG_WARN_SUSPICIOUS_MOVE = YES;
				CLANG_WARN_UNGUARDED_AVAILABILITY = YES_AGGRESSIVE;
				CLANG_WARN_UNREACHABLE_CODE = YES;
				CLANG_WARN__DUPLICATE_METHOD_MATCH = YES;
				COPY_PHASE_STRIP = NO;
				DEBUG_INFORMATION_FORMAT = "dwarf-with-dsym";
				ENABLE_NS_ASSERTIONS = NO;
				ENABLE_STRICT_OBJC_MSGSEND = YES;
				GCC_C_LANGUAGE_STANDARD = gnu11;
				GCC_NO_COMMON_BLOCKS = YES;
				GCC_WARN_64_TO_32_BIT_CONVERSION = YES;
				GCC_WARN_ABOUT_RETURN_TYPE = YES_ERROR;
				GCC_WARN_UNDECLARED_SELECTOR = YES;
				GCC_WARN_UNINITIALIZED_AUTOS = YES_AGGRESSIVE;
				GCC_WARN_UNUSED_FUNCTION = YES;
				GCC_WARN_UNUSED_VARIABLE = YES;
				IPHONEOS_DEPLOYMENT_TARGET = 16.2;
				MTL_ENABLE_DEBUG_INFO = NO;
				MTL_FAST_MATH = YES;
				SDKROOT = iphoneos;
				SWIFT_COMPILATION_MODE = wholemodule;
				SWIFT_OPTIMIZATION_LEVEL = "-O";
				VALIDATE_PRODUCT = YES;
			};
			name = Release;
		};
		8CEAD23829C6DF3A00FA6B2C /* Debug */ = {
			isa = XCBuildConfiguration;
			buildSettings = {
				ASSETCATALOG_COMPILER_APPICON_NAME = AppIcon;
				ASSETCATALOG_COMPILER_GLOBAL_ACCENT_COLOR_NAME = AccentColor;
				CODE_SIGN_STYLE = Automatic;
				CURRENT_PROJECT_VERSION = 1;
				DEVELOPMENT_ASSET_PATHS = "\"AIBuddy/Preview Content\"";
				DEVELOPMENT_TEAM = ZV2MSL9RZH;
				ENABLE_PREVIEWS = YES;
				GENERATE_INFOPLIST_FILE = YES;
				INFOPLIST_FILE = AIBuddy/Info.plist;
				INFOPLIST_KEY_UIApplicationSceneManifest_Generation = YES;
				INFOPLIST_KEY_UIApplicationSupportsIndirectInputEvents = YES;
				INFOPLIST_KEY_UILaunchScreen_Generation = YES;
				INFOPLIST_KEY_UISupportedInterfaceOrientations_iPad = "UIInterfaceOrientationPortrait UIInterfaceOrientationPortraitUpsideDown UIInterfaceOrientationLandscapeLeft UIInterfaceOrientationLandscapeRight";
				INFOPLIST_KEY_UISupportedInterfaceOrientations_iPhone = "UIInterfaceOrientationPortrait UIInterfaceOrientationLandscapeLeft UIInterfaceOrientationLandscapeRight";
				LD_RUNPATH_SEARCH_PATHS = (
					"$(inherited)",
					"@executable_path/Frameworks",
				);
				MARKETING_VERSION = 1.0;
				PRODUCT_BUNDLE_IDENTIFIER = jonah.AIBuddy;
				PRODUCT_NAME = "$(TARGET_NAME)";
				SWIFT_EMIT_LOC_STRINGS = YES;
				SWIFT_VERSION = 5.0;
				TARGETED_DEVICE_FAMILY = "1,2";
			};
			name = Debug;
		};
		8CEAD23929C6DF3A00FA6B2C /* Release */ = {
			isa = XCBuildConfiguration;
			buildSettings = {
				ASSETCATALOG_COMPILER_APPICON_NAME = AppIcon;
				ASSETCATALOG_COMPILER_GLOBAL_ACCENT_COLOR_NAME = AccentColor;
				CODE_SIGN_STYLE = Automatic;
				CURRENT_PROJECT_VERSION = 1;
				DEVELOPMENT_ASSET_PATHS = "\"AIBuddy/Preview Content\"";
				DEVELOPMENT_TEAM = ZV2MSL9RZH;
				ENABLE_PREVIEWS = YES;
				GENERATE_INFOPLIST_FILE = YES;
				INFOPLIST_FILE = AIBuddy/Info.plist;
				INFOPLIST_KEY_UIApplicationSceneManifest_Generation = YES;
				INFOPLIST_KEY_UIApplicationSupportsIndirectInputEvents = YES;
				INFOPLIST_KEY_UILaunchScreen_Generation = YES;
				INFOPLIST_KEY_UISupportedInterfaceOrientations_iPad = "UIInterfaceOrientationPortrait UIInterfaceOrientationPortraitUpsideDown UIInterfaceOrientationLandscapeLeft UIInterfaceOrientationLandscapeRight";
				INFOPLIST_KEY_UISupportedInterfaceOrientations_iPhone = "UIInterfaceOrientationPortrait UIInterfaceOrientationLandscapeLeft UIInterfaceOrientationLandscapeRight";
				LD_RUNPATH_SEARCH_PATHS = (
					"$(inherited)",
					"@executable_path/Frameworks",
				);
				MARKETING_VERSION = 1.0;
				PRODUCT_BUNDLE_IDENTIFIER = jonah.AIBuddy;
				PRODUCT_NAME = "$(TARGET_NAME)";
				SWIFT_EMIT_LOC_STRINGS = YES;
				SWIFT_VERSION = 5.0;
				TARGETED_DEVICE_FAMILY = "1,2";
			};
			name = Release;
		};
		8CEAD23B29C6DF3A00FA6B2C /* Debug */ = {
			isa = XCBuildConfiguration;
			buildSettings = {
				ALWAYS_EMBED_SWIFT_STANDARD_LIBRARIES = YES;
				BUNDLE_LOADER = "$(TEST_HOST)";
				CODE_SIGN_STYLE = Automatic;
				CURRENT_PROJECT_VERSION = 1;
				DEVELOPMENT_TEAM = ZV2MSL9RZH;
				GENERATE_INFOPLIST_FILE = YES;
				IPHONEOS_DEPLOYMENT_TARGET = 16.2;
				MARKETING_VERSION = 1.0;
				PRODUCT_BUNDLE_IDENTIFIER = jonah.AIBuddyTests;
				PRODUCT_NAME = "$(TARGET_NAME)";
				SWIFT_EMIT_LOC_STRINGS = NO;
				SWIFT_VERSION = 5.0;
				TARGETED_DEVICE_FAMILY = "1,2";
				TEST_HOST = "$(BUILT_PRODUCTS_DIR)/AIBuddy.app/$(BUNDLE_EXECUTABLE_FOLDER_PATH)/AIBuddy";
			};
			name = Debug;
		};
		8CEAD23C29C6DF3A00FA6B2C /* Release */ = {
			isa = XCBuildConfiguration;
			buildSettings = {
				ALWAYS_EMBED_SWIFT_STANDARD_LIBRARIES = YES;
				BUNDLE_LOADER = "$(TEST_HOST)";
				CODE_SIGN_STYLE = Automatic;
				CURRENT_PROJECT_VERSION = 1;
				DEVELOPMENT_TEAM = ZV2MSL9RZH;
				GENERATE_INFOPLIST_FILE = YES;
				IPHONEOS_DEPLOYMENT_TARGET = 16.2;
				MARKETING_VERSION = 1.0;
				PRODUCT_BUNDLE_IDENTIFIER = jonah.AIBuddyTests;
				PRODUCT_NAME = "$(TARGET_NAME)";
				SWIFT_EMIT_LOC_STRINGS = NO;
				SWIFT_VERSION = 5.0;
				TARGETED_DEVICE_FAMILY = "1,2";
				TEST_HOST = "$(BUILT_PRODUCTS_DIR)/AIBuddy.app/$(BUNDLE_EXECUTABLE_FOLDER_PATH)/AIBuddy";
			};
			name = Release;
		};
		8CEAD23E29C6DF3A00FA6B2C /* Debug */ = {
			isa = XCBuildConfiguration;
			buildSettings = {
				ALWAYS_EMBED_SWIFT_STANDARD_LIBRARIES = YES;
				CODE_SIGN_STYLE = Automatic;
				CURRENT_PROJECT_VERSION = 1;
				DEVELOPMENT_TEAM = ZV2MSL9RZH;
				GENERATE_INFOPLIST_FILE = YES;
				MARKETING_VERSION = 1.0;
				PRODUCT_BUNDLE_IDENTIFIER = jonah.AIBuddyUITests;
				PRODUCT_NAME = "$(TARGET_NAME)";
				SWIFT_EMIT_LOC_STRINGS = NO;
				SWIFT_VERSION = 5.0;
				TARGETED_DEVICE_FAMILY = "1,2";
				TEST_TARGET_NAME = AIBuddy;
			};
			name = Debug;
		};
		8CEAD23F29C6DF3A00FA6B2C /* Release */ = {
			isa = XCBuildConfiguration;
			buildSettings = {
				ALWAYS_EMBED_SWIFT_STANDARD_LIBRARIES = YES;
				CODE_SIGN_STYLE = Automatic;
				CURRENT_PROJECT_VERSION = 1;
				DEVELOPMENT_TEAM = ZV2MSL9RZH;
				GENERATE_INFOPLIST_FILE = YES;
				MARKETING_VERSION = 1.0;
				PRODUCT_BUNDLE_IDENTIFIER = jonah.AIBuddyUITests;
				PRODUCT_NAME = "$(TARGET_NAME)";
				SWIFT_EMIT_LOC_STRINGS = NO;
				SWIFT_VERSION = 5.0;
				TARGETED_DEVICE_FAMILY = "1,2";
				TEST_TARGET_NAME = AIBuddy;
			};
			name = Release;
		};
/* End XCBuildConfiguration section */

/* Begin XCConfigurationList section */
		8CEAD20E29C6DF3A00FA6B2C /* Build configuration list for PBXProject "AIBuddy" */ = {
			isa = XCConfigurationList;
			buildConfigurations = (
				8CEAD23529C6DF3A00FA6B2C /* Debug */,
				8CEAD23629C6DF3A00FA6B2C /* Release */,
			);
			defaultConfigurationIsVisible = 0;
			defaultConfigurationName = Release;
		};
		8CEAD23729C6DF3A00FA6B2C /* Build configuration list for PBXNativeTarget "AIBuddy" */ = {
			isa = XCConfigurationList;
			buildConfigurations = (
				8CEAD23829C6DF3A00FA6B2C /* Debug */,
				8CEAD23929C6DF3A00FA6B2C /* Release */,
			);
			defaultConfigurationIsVisible = 0;
			defaultConfigurationName = Release;
		};
		8CEAD23A29C6DF3A00FA6B2C /* Build configuration list for PBXNativeTarget "AIBuddyTests" */ = {
			isa = XCConfigurationList;
			buildConfigurations = (
				8CEAD23B29C6DF3A00FA6B2C /* Debug */,
				8CEAD23C29C6DF3A00FA6B2C /* Release */,
			);
			defaultConfigurationIsVisible = 0;
			defaultConfigurationName = Release;
		};
		8CEAD23D29C6DF3A00FA6B2C /* Build configuration list for PBXNativeTarget "AIBuddyUITests" */ = {
			isa = XCConfigurationList;
			buildConfigurations = (
				8CEAD23E29C6DF3A00FA6B2C /* Debug */,
				8CEAD23F29C6DF3A00FA6B2C /* Release */,
			);
			defaultConfigurationIsVisible = 0;
			defaultConfigurationName = Release;
		};
/* End XCConfigurationList section */
	};
	rootObject = 8CEAD20B29C6DF3A00FA6B2C /* Project object */;
}
